
Microsoft Visual Studio Solution File, Format Version 12.00
# Visual Studio Version 16
VisualStudioVersion = 16.0.34601.136
MinimumVisualStudioVersion = 10.0.40219.1
Project("{FAE04EC0-301F-11D3-BF4B-00C04F79EFBC}") = "CvbK22CNT4Lesson11_2210900091", "CvbK22CNT4Lesson11_2210900091\CvbK22CNT4Lesson11_2210900091.csproj", "{F3DAD3CB-4EC9-4802-98F4-19B19C85E3E9}"
EndProject
Global
	GlobalSection(SolutionConfigurationPlatforms) = preSolution
		Debug|Any CPU = Debug|Any CPU
		Release|Any CPU = Release|Any CPU
	EndGlobalSection
	GlobalSection(ProjectConfigurationPlatforms) = postSolution
		{F3DAD3CB-4EC9-4802-98F4-19B19C85E3E9}.Debug|Any CPU.ActiveCfg = Debug|Any CPU
		{F3DAD3CB-4EC9-4802-98F4-19B19C85E3E9}.Debug|Any CPU.Build.0 = Debug|Any CPU
		{F3DAD3CB-4EC9-4802-98F4-19B19C85E3E9}.Release|Any CPU.ActiveCfg = Release|Any CPU
		{F3DAD3CB-4EC9-4802-98F4-19B19C85E3E9}.Release|Any CPU.Build.0 = Release|Any CPU
	EndGlobalSection
	GlobalSection(SolutionProperties) = preSolution
		HideSolutionNode = FALSE
	EndGlobalSection
	GlobalSection(ExtensibilityGlobals) = postSolution
		SolutionGuid = {9BF30CBF-DBE1-4814-9823-6897A8853810}
	EndGlobalSection
EndGlobal
